
Microsoft Visual Studio Solution File, Format Version 12.00
# Visual Studio Version 17
VisualStudioVersion = 17.13.35825.156 d17.13
MinimumVisualStudioVersion = 10.0.40219.1
Project("{8BC9CEB8-8B4A-11D0-8D11-00A0C91BC942}") = "School_Managment_System", "School_Managment_System\School_Managment_System.vcxproj", "{5F9C43A0-89CE-4B61-B436-0374E2903199}"
EndProject
Global
	GlobalSection(SolutionConfigurationPlatforms) = preSolution
		Debug|x64 = Debug|x64
		Debug|x86 = Debug|x86
		Release|x64 = Release|x64
		Release|x86 = Release|x86
	EndGlobalSection
	GlobalSection(ProjectConfigurationPlatforms) = postSolution
		{5F9C43A0-89CE-4B61-B436-0374E2903199}.Debug|x64.ActiveCfg = Debug|x64
		{5F9C43A0-89CE-4B61-B436-0374E2903199}.Debug|x64.Build.0 = Debug|x64
		{5F9C43A0-89CE-4B61-B436-0374E2903199}.Debug|x86.ActiveCfg = Debug|Win32
		{5F9C43A0-89CE-4B61-B436-0374E2903199}.Debug|x86.Build.0 = Debug|Win32
		{5F9C43A0-89CE-4B61-B436-0374E2903199}.Release|x64.ActiveCfg = Release|x64
		{5F9C43A0-89CE-4B61-B436-0374E2903199}.Release|x64.Build.0 = Release|x64
		{5F9C43A0-89CE-4B61-B436-0374E2903199}.Release|x86.ActiveCfg = Release|Win32
		{5F9C43A0-89CE-4B61-B436-0374E2903199}.Release|x86.Build.0 = Release|Win32
	EndGlobalSection
	GlobalSection(SolutionProperties) = preSolution
		HideSolutionNode = FALSE
	EndGlobalSection
	GlobalSection(ExtensibilityGlobals) = postSolution
		SolutionGuid = {9C337F90-D632-47BC-8813-9BC8150450F2}
	EndGlobalSection
EndGlobal
